// !$*UTF8*$!
{
	archiveVersion = 1;
	classes = {
	};
	objectVersion = 50;
	objects = {

/* Begin PBXBuildFile section */
		6600E55E24E5B5FC0084C1B8 /* ResetPasswordViewController.swift in Sources */ = {isa = PBXBuildFile; fileRef = 6600E55D24E5B5FC0084C1B8 /* ResetPasswordViewController.swift */; };
		660173E324DA2AE0006D9346 /* NewOrderVendorViewController.swift in Sources */ = {isa = PBXBuildFile; fileRef = 660173E224DA2AE0006D9346 /* NewOrderVendorViewController.swift */; };
		660F875424DAF5ED00978B4B /* NewOrderBeverageViewController.swift in Sources */ = {isa = PBXBuildFile; fileRef = 660F875324DAF5ED00978B4B /* NewOrderBeverageViewController.swift */; };
		661D334424E24F83004BEE5B /* ConfirmSelectionViewController.swift in Sources */ = {isa = PBXBuildFile; fileRef = 661D334324E24F83004BEE5B /* ConfirmSelectionViewController.swift */; };
		661D334824E35199004BEE5B /* SelectedOrderTableViewCell.swift in Sources */ = {isa = PBXBuildFile; fileRef = 661D334724E35199004BEE5B /* SelectedOrderTableViewCell.swift */; };
		66304E1324DB0C1000E557E9 /* SeatLocationViewController.swift in Sources */ = {isa = PBXBuildFile; fileRef = 66304E1224DB0C1000E557E9 /* SeatLocationViewController.swift */; };
		66304E1524DB0E4B00E557E9 /* OrderSummaryViewController.swift in Sources */ = {isa = PBXBuildFile; fileRef = 66304E1424DB0E4B00E557E9 /* OrderSummaryViewController.swift */; };
		66304E1724DC7D9300E557E9 /* OrderPlacedViewController.swift in Sources */ = {isa = PBXBuildFile; fileRef = 66304E1624DC7D9300E557E9 /* OrderPlacedViewController.swift */; };
		66316CA824D4C49000B1A973 /* AppDelegate.swift in Sources */ = {isa = PBXBuildFile; fileRef = 66316CA724D4C49000B1A973 /* AppDelegate.swift */; };
		66316CAA24D4C49000B1A973 /* SceneDelegate.swift in Sources */ = {isa = PBXBuildFile; fileRef = 66316CA924D4C49000B1A973 /* SceneDelegate.swift */; };
		66316CB124D4C49000B1A973 /* Main.storyboard in Resources */ = {isa = PBXBuildFile; fileRef = 66316CAF24D4C49000B1A973 /* Main.storyboard */; };
		66316CB324D4C49600B1A973 /* Assets.xcassets in Resources */ = {isa = PBXBuildFile; fileRef = 66316CB224D4C49600B1A973 /* Assets.xcassets */; };
		66316CB624D4C49600B1A973 /* LaunchScreen.storyboard in Resources */ = {isa = PBXBuildFile; fileRef = 66316CB424D4C49600B1A973 /* LaunchScreen.storyboard */; };
		66316CC024D4D14700B1A973 /* NewTripViewController.swift in Sources */ = {isa = PBXBuildFile; fileRef = 66316CBF24D4D14700B1A973 /* NewTripViewController.swift */; };
		66316CC224D4D15500B1A973 /* ProfileViewController.swift in Sources */ = {isa = PBXBuildFile; fileRef = 66316CC124D4D15500B1A973 /* ProfileViewController.swift */; };
		66316CC424D4D2D300B1A973 /* HomeViewController.swift in Sources */ = {isa = PBXBuildFile; fileRef = 66316CC324D4D2D300B1A973 /* HomeViewController.swift */; };
		66316CC624D4D2E200B1A973 /* OrderViewController.swift in Sources */ = {isa = PBXBuildFile; fileRef = 66316CC524D4D2E200B1A973 /* OrderViewController.swift */; };
		66316CC824D4E5E500B1A973 /* DesignableView.swift in Sources */ = {isa = PBXBuildFile; fileRef = 66316CC724D4E5E500B1A973 /* DesignableView.swift */; };
		66316CCA24D4EA7D00B1A973 /* LoginViewController.swift in Sources */ = {isa = PBXBuildFile; fileRef = 66316CC924D4EA7D00B1A973 /* LoginViewController.swift */; };
		66316CCE24D8CE3D00B1A973 /* AddFundsViewController.swift in Sources */ = {isa = PBXBuildFile; fileRef = 66316CCD24D8CE3D00B1A973 /* AddFundsViewController.swift */; };
		66923CD824D8E2FE002E731A /* SignUpViewController.swift in Sources */ = {isa = PBXBuildFile; fileRef = 66923CD724D8E2FE002E731A /* SignUpViewController.swift */; };
		66923CDA24D8EB5A002E731A /* ConfirmSignUpViewController.swift in Sources */ = {isa = PBXBuildFile; fileRef = 66923CD924D8EB5A002E731A /* ConfirmSignUpViewController.swift */; };
		66ADC81D24E0B4C400D0BEA7 /* ForgotPasswordViewController.swift in Sources */ = {isa = PBXBuildFile; fileRef = 66ADC81C24E0B4C400D0BEA7 /* ForgotPasswordViewController.swift */; };
		66ADC82124E0C6BB00D0BEA7 /* PickupOrdersTableViewCell.swift in Sources */ = {isa = PBXBuildFile; fileRef = 66ADC82024E0C6BB00D0BEA7 /* PickupOrdersTableViewCell.swift */; };
		66ADC82724E0DB3400D0BEA7 /* Order.swift in Sources */ = {isa = PBXBuildFile; fileRef = 66ADC82624E0DB3400D0BEA7 /* Order.swift */; };
		66ADC83024E20DDA00D0BEA7 /* WithdrawFundsViewController.swift in Sources */ = {isa = PBXBuildFile; fileRef = 66ADC82F24E20DDA00D0BEA7 /* WithdrawFundsViewController.swift */; };
		66BC776024DCE30400778FBB /* OrderExistenceViewController.swift in Sources */ = {isa = PBXBuildFile; fileRef = 66BC775F24DCE30400778FBB /* OrderExistenceViewController.swift */; };
		66BC776224DCE3FE00778FBB /* ExistingOrderViewController.swift in Sources */ = {isa = PBXBuildFile; fileRef = 66BC776124DCE3FE00778FBB /* ExistingOrderViewController.swift */; };
		66BC776424DCF45800778FBB /* ReceiptExistingOrderViewController.swift in Sources */ = {isa = PBXBuildFile; fileRef = 66BC776324DCF45800778FBB /* ReceiptExistingOrderViewController.swift */; };
		66BC776624DD0A2500778FBB /* DeliveredViewController.swift in Sources */ = {isa = PBXBuildFile; fileRef = 66BC776524DD0A2500778FBB /* DeliveredViewController.swift */; };
		66BC777024DDC7EB00778FBB /* TripExistenceViewController.swift in Sources */ = {isa = PBXBuildFile; fileRef = 66BC776F24DDC7EA00778FBB /* TripExistenceViewController.swift */; };
		66BC777224DDC8AF00778FBB /* ExistingTripViewController.swift in Sources */ = {isa = PBXBuildFile; fileRef = 66BC777124DDC8AF00778FBB /* ExistingTripViewController.swift */; };
		66BC777424DEF15400778FBB /* TripDenyViewController.swift in Sources */ = {isa = PBXBuildFile; fileRef = 66BC777324DEF15400778FBB /* TripDenyViewController.swift */; };
		66F09C0724E381C300389304 /* FindUsersViewController.swift in Sources */ = {isa = PBXBuildFile; fileRef = 66F09C0624E381C200389304 /* FindUsersViewController.swift */; };
		66F09C0924E383B300389304 /* UserTableViewCell.swift in Sources */ = {isa = PBXBuildFile; fileRef = 66F09C0824E383B300389304 /* UserTableViewCell.swift */; };
		66F09C0B24E383F600389304 /* User.swift in Sources */ = {isa = PBXBuildFile; fileRef = 66F09C0A24E383F600389304 /* User.swift */; };
		66F09C0D24E44FF300389304 /* OrderToPickupTableViewCell.swift in Sources */ = {isa = PBXBuildFile; fileRef = 66F09C0C24E44FF300389304 /* OrderToPickupTableViewCell.swift */; };
/* End PBXBuildFile section */

/* Begin PBXFileReference section */
		6600E55D24E5B5FC0084C1B8 /* ResetPasswordViewController.swift */ = {isa = PBXFileReference; lastKnownFileType = sourcecode.swift; path = ResetPasswordViewController.swift; sourceTree = "<group>"; };
		660173E224DA2AE0006D9346 /* NewOrderVendorViewController.swift */ = {isa = PBXFileReference; lastKnownFileType = sourcecode.swift; path = NewOrderVendorViewController.swift; sourceTree = "<group>"; };
		660F875324DAF5ED00978B4B /* NewOrderBeverageViewController.swift */ = {isa = PBXFileReference; lastKnownFileType = sourcecode.swift; path = NewOrderBeverageViewController.swift; sourceTree = "<group>"; };
		661D334324E24F83004BEE5B /* ConfirmSelectionViewController.swift */ = {isa = PBXFileReference; lastKnownFileType = sourcecode.swift; path = ConfirmSelectionViewController.swift; sourceTree = "<group>"; };
		661D334724E35199004BEE5B /* SelectedOrderTableViewCell.swift */ = {isa = PBXFileReference; lastKnownFileType = sourcecode.swift; path = SelectedOrderTableViewCell.swift; sourceTree = "<group>"; };
		66304E1224DB0C1000E557E9 /* SeatLocationViewController.swift */ = {isa = PBXFileReference; lastKnownFileType = sourcecode.swift; path = SeatLocationViewController.swift; sourceTree = "<group>"; };
		66304E1424DB0E4B00E557E9 /* OrderSummaryViewController.swift */ = {isa = PBXFileReference; lastKnownFileType = sourcecode.swift; path = OrderSummaryViewController.swift; sourceTree = "<group>"; };
		66304E1624DC7D9300E557E9 /* OrderPlacedViewController.swift */ = {isa = PBXFileReference; lastKnownFileType = sourcecode.swift; path = OrderPlacedViewController.swift; sourceTree = "<group>"; };
		66316CA424D4C49000B1A973 /* CoffeeRun.app */ = {isa = PBXFileReference; explicitFileType = wrapper.application; includeInIndex = 0; path = CoffeeRun.app; sourceTree = BUILT_PRODUCTS_DIR; };
		66316CA724D4C49000B1A973 /* AppDelegate.swift */ = {isa = PBXFileReference; lastKnownFileType = sourcecode.swift; path = AppDelegate.swift; sourceTree = "<group>"; };
		66316CA924D4C49000B1A973 /* SceneDelegate.swift */ = {isa = PBXFileReference; lastKnownFileType = sourcecode.swift; path = SceneDelegate.swift; sourceTree = "<group>"; };
		66316CB024D4C49000B1A973 /* Base */ = {isa = PBXFileReference; lastKnownFileType = file.storyboard; name = Base; path = Base.lproj/Main.storyboard; sourceTree = "<group>"; };
		66316CB224D4C49600B1A973 /* Assets.xcassets */ = {isa = PBXFileReference; lastKnownFileType = folder.assetcatalog; path = Assets.xcassets; sourceTree = "<group>"; };
		66316CB524D4C49600B1A973 /* Base */ = {isa = PBXFileReference; lastKnownFileType = file.storyboard; name = Base; path = Base.lproj/LaunchScreen.storyboard; sourceTree = "<group>"; };
		66316CB724D4C49600B1A973 /* Info.plist */ = {isa = PBXFileReference; lastKnownFileType = text.plist.xml; path = Info.plist; sourceTree = "<group>"; };
		66316CBF24D4D14700B1A973 /* NewTripViewController.swift */ = {isa = PBXFileReference; lastKnownFileType = sourcecode.swift; path = NewTripViewController.swift; sourceTree = "<group>"; };
		66316CC124D4D15500B1A973 /* ProfileViewController.swift */ = {isa = PBXFileReference; lastKnownFileType = sourcecode.swift; path = ProfileViewController.swift; sourceTree = "<group>"; };
		66316CC324D4D2D300B1A973 /* HomeViewController.swift */ = {isa = PBXFileReference; lastKnownFileType = sourcecode.swift; name = HomeViewController.swift; path = ../HomeViewController.swift; sourceTree = "<group>"; };
		66316CC524D4D2E200B1A973 /* OrderViewController.swift */ = {isa = PBXFileReference; lastKnownFileType = sourcecode.swift; name = OrderViewController.swift; path = ../OrderViewController.swift; sourceTree = "<group>"; };
		66316CC724D4E5E500B1A973 /* DesignableView.swift */ = {isa = PBXFileReference; lastKnownFileType = sourcecode.swift; path = DesignableView.swift; sourceTree = "<group>"; };
		66316CC924D4EA7D00B1A973 /* LoginViewController.swift */ = {isa = PBXFileReference; lastKnownFileType = sourcecode.swift; path = LoginViewController.swift; sourceTree = "<group>"; };
		66316CCD24D8CE3D00B1A973 /* AddFundsViewController.swift */ = {isa = PBXFileReference; lastKnownFileType = sourcecode.swift; path = AddFundsViewController.swift; sourceTree = "<group>"; };
		66923CD724D8E2FE002E731A /* SignUpViewController.swift */ = {isa = PBXFileReference; lastKnownFileType = sourcecode.swift; path = SignUpViewController.swift; sourceTree = "<group>"; };
		66923CD924D8EB5A002E731A /* ConfirmSignUpViewController.swift */ = {isa = PBXFileReference; lastKnownFileType = sourcecode.swift; path = ConfirmSignUpViewController.swift; sourceTree = "<group>"; };
		66ADC81C24E0B4C400D0BEA7 /* ForgotPasswordViewController.swift */ = {isa = PBXFileReference; lastKnownFileType = sourcecode.swift; path = ForgotPasswordViewController.swift; sourceTree = "<group>"; };
		66ADC82024E0C6BB00D0BEA7 /* PickupOrdersTableViewCell.swift */ = {isa = PBXFileReference; lastKnownFileType = sourcecode.swift; path = PickupOrdersTableViewCell.swift; sourceTree = "<group>"; };
		66ADC82624E0DB3400D0BEA7 /* Order.swift */ = {isa = PBXFileReference; lastKnownFileType = sourcecode.swift; path = Order.swift; sourceTree = "<group>"; };
		66ADC82F24E20DDA00D0BEA7 /* WithdrawFundsViewController.swift */ = {isa = PBXFileReference; lastKnownFileType = sourcecode.swift; path = WithdrawFundsViewController.swift; sourceTree = "<group>"; };
		66BC775F24DCE30400778FBB /* OrderExistenceViewController.swift */ = {isa = PBXFileReference; lastKnownFileType = sourcecode.swift; path = OrderExistenceViewController.swift; sourceTree = "<group>"; };
		66BC776124DCE3FE00778FBB /* ExistingOrderViewController.swift */ = {isa = PBXFileReference; lastKnownFileType = sourcecode.swift; path = ExistingOrderViewController.swift; sourceTree = "<group>"; };
		66BC776324DCF45800778FBB /* ReceiptExistingOrderViewController.swift */ = {isa = PBXFileReference; lastKnownFileType = sourcecode.swift; path = ReceiptExistingOrderViewController.swift; sourceTree = "<group>"; };
		66BC776524DD0A2500778FBB /* DeliveredViewController.swift */ = {isa = PBXFileReference; lastKnownFileType = sourcecode.swift; path = DeliveredViewController.swift; sourceTree = "<group>"; };
		66BC776F24DDC7EA00778FBB /* TripExistenceViewController.swift */ = {isa = PBXFileReference; lastKnownFileType = sourcecode.swift; path = TripExistenceViewController.swift; sourceTree = "<group>"; };
		66BC777124DDC8AF00778FBB /* ExistingTripViewController.swift */ = {isa = PBXFileReference; lastKnownFileType = sourcecode.swift; path = ExistingTripViewController.swift; sourceTree = "<group>"; };
		66BC777324DEF15400778FBB /* TripDenyViewController.swift */ = {isa = PBXFileReference; lastKnownFileType = sourcecode.swift; path = TripDenyViewController.swift; sourceTree = "<group>"; };
		66F09C0624E381C200389304 /* FindUsersViewController.swift */ = {isa = PBXFileReference; lastKnownFileType = sourcecode.swift; path = FindUsersViewController.swift; sourceTree = "<group>"; };
		66F09C0824E383B300389304 /* UserTableViewCell.swift */ = {isa = PBXFileReference; lastKnownFileType = sourcecode.swift; path = UserTableViewCell.swift; sourceTree = "<group>"; };
		66F09C0A24E383F600389304 /* User.swift */ = {isa = PBXFileReference; lastKnownFileType = sourcecode.swift; path = User.swift; sourceTree = "<group>"; };
		66F09C0C24E44FF300389304 /* OrderToPickupTableViewCell.swift */ = {isa = PBXFileReference; lastKnownFileType = sourcecode.swift; path = OrderToPickupTableViewCell.swift; sourceTree = "<group>"; };
/* End PBXFileReference section */

/* Begin PBXFrameworksBuildPhase section */
		66316CA124D4C49000B1A973 /* Frameworks */ = {
			isa = PBXFrameworksBuildPhase;
			buildActionMask = 2147483647;
			files = (
			);
			runOnlyForDeploymentPostprocessing = 0;
		};
/* End PBXFrameworksBuildPhase section */

/* Begin PBXGroup section */
		66316C9B24D4C49000B1A973 = {
			isa = PBXGroup;
			children = (
				66316CA624D4C49000B1A973 /* CoffeeRun */,
				66316CA524D4C49000B1A973 /* Products */,
			);
			sourceTree = "<group>";
		};
		66316CA524D4C49000B1A973 /* Products */ = {
			isa = PBXGroup;
			children = (
				66316CA424D4C49000B1A973 /* CoffeeRun.app */,
			);
			name = Products;
			sourceTree = "<group>";
		};
		66316CA624D4C49000B1A973 /* CoffeeRun */ = {
			isa = PBXGroup;
			children = (
				66316CA724D4C49000B1A973 /* AppDelegate.swift */,
				66316CA924D4C49000B1A973 /* SceneDelegate.swift */,
				66ADC82624E0DB3400D0BEA7 /* Order.swift */,
				66F09C0A24E383F600389304 /* User.swift */,
				66316CC924D4EA7D00B1A973 /* LoginViewController.swift */,
				66ADC81C24E0B4C400D0BEA7 /* ForgotPasswordViewController.swift */,
				6600E55D24E5B5FC0084C1B8 /* ResetPasswordViewController.swift */,
				66923CD724D8E2FE002E731A /* SignUpViewController.swift */,
				66923CD924D8EB5A002E731A /* ConfirmSignUpViewController.swift */,
				66316CC324D4D2D300B1A973 /* HomeViewController.swift */,
				66F09C0624E381C200389304 /* FindUsersViewController.swift */,
				66F09C0824E383B300389304 /* UserTableViewCell.swift */,
				66BC775F24DCE30400778FBB /* OrderExistenceViewController.swift */,
				66316CC524D4D2E200B1A973 /* OrderViewController.swift */,
				660173E224DA2AE0006D9346 /* NewOrderVendorViewController.swift */,
				660F875324DAF5ED00978B4B /* NewOrderBeverageViewController.swift */,
				66304E1224DB0C1000E557E9 /* SeatLocationViewController.swift */,
				66304E1424DB0E4B00E557E9 /* OrderSummaryViewController.swift */,
				66304E1624DC7D9300E557E9 /* OrderPlacedViewController.swift */,
				66BC776124DCE3FE00778FBB /* ExistingOrderViewController.swift */,
				66BC776524DD0A2500778FBB /* DeliveredViewController.swift */,
				66BC776324DCF45800778FBB /* ReceiptExistingOrderViewController.swift */,
				66BC776F24DDC7EA00778FBB /* TripExistenceViewController.swift */,
				66316CBF24D4D14700B1A973 /* NewTripViewController.swift */,
				66ADC82024E0C6BB00D0BEA7 /* PickupOrdersTableViewCell.swift */,
				661D334324E24F83004BEE5B /* ConfirmSelectionViewController.swift */,
				661D334724E35199004BEE5B /* SelectedOrderTableViewCell.swift */,
				66BC777124DDC8AF00778FBB /* ExistingTripViewController.swift */,
				66F09C0C24E44FF300389304 /* OrderToPickupTableViewCell.swift */,
				66BC777324DEF15400778FBB /* TripDenyViewController.swift */,
				66316CC124D4D15500B1A973 /* ProfileViewController.swift */,
				66316CCD24D8CE3D00B1A973 /* AddFundsViewController.swift */,
				66ADC82F24E20DDA00D0BEA7 /* WithdrawFundsViewController.swift */,
				66316CAF24D4C49000B1A973 /* Main.storyboard */,
				66316CB224D4C49600B1A973 /* Assets.xcassets */,
				66316CB424D4C49600B1A973 /* LaunchScreen.storyboard */,
				66316CB724D4C49600B1A973 /* Info.plist */,
				66316CC724D4E5E500B1A973 /* DesignableView.swift */,
			);
			path = CoffeeRun;
			sourceTree = "<group>";
		};
/* End PBXGroup section */

/* Begin PBXNativeTarget section */
		66316CA324D4C49000B1A973 /* CoffeeRun */ = {
			isa = PBXNativeTarget;
			buildConfigurationList = 66316CBA24D4C49600B1A973 /* Build configuration list for PBXNativeTarget "CoffeeRun" */;
			buildPhases = (
				66316CA024D4C49000B1A973 /* Sources */,
				66316CA124D4C49000B1A973 /* Frameworks */,
				66316CA224D4C49000B1A973 /* Resources */,
			);
			buildRules = (
			);
			dependencies = (
			);
			name = CoffeeRun;
			productName = CoffeeRun;
			productReference = 66316CA424D4C49000B1A973 /* CoffeeRun.app */;
			productType = "com.apple.product-type.application";
		};
/* End PBXNativeTarget section */

/* Begin PBXProject section */
		66316C9C24D4C49000B1A973 /* Project object */ = {
			isa = PBXProject;
			attributes = {
				LastSwiftUpdateCheck = 1160;
				LastUpgradeCheck = 1160;
				ORGANIZATIONNAME = CoffeeRun;
				TargetAttributes = {
					66316CA324D4C49000B1A973 = {
						CreatedOnToolsVersion = 11.6;
					};
				};
			};
			buildConfigurationList = 66316C9F24D4C49000B1A973 /* Build configuration list for PBXProject "CoffeeRun" */;
			compatibilityVersion = "Xcode 9.3";
			developmentRegion = en;
			hasScannedForEncodings = 0;
			knownRegions = (
				en,
				Base,
			);
			mainGroup = 66316C9B24D4C49000B1A973;
			productRefGroup = 66316CA524D4C49000B1A973 /* Products */;
			projectDirPath = "";
			projectRoot = "";
			targets = (
				66316CA324D4C49000B1A973 /* CoffeeRun */,
			);
		};
/* End PBXProject section */

/* Begin PBXResourcesBuildPhase section */
		66316CA224D4C49000B1A973 /* Resources */ = {
			isa = PBXResourcesBuildPhase;
			buildActionMask = 2147483647;
			files = (
				66316CB624D4C49600B1A973 /* LaunchScreen.storyboard in Resources */,
				66316CB324D4C49600B1A973 /* Assets.xcassets in Resources */,
				66316CB124D4C49000B1A973 /* Main.storyboard in Resources */,
			);
			runOnlyForDeploymentPostprocessing = 0;
		};
/* End PBXResourcesBuildPhase section */

/* Begin PBXSourcesBuildPhase section */
		66316CA024D4C49000B1A973 /* Sources */ = {
			isa = PBXSourcesBuildPhase;
			buildActionMask = 2147483647;
			files = (
				66923CD824D8E2FE002E731A /* SignUpViewController.swift in Sources */,
				66BC776624DD0A2500778FBB /* DeliveredViewController.swift in Sources */,
				661D334824E35199004BEE5B /* SelectedOrderTableViewCell.swift in Sources */,
				66BC777024DDC7EB00778FBB /* TripExistenceViewController.swift in Sources */,
				66BC776424DCF45800778FBB /* ReceiptExistingOrderViewController.swift in Sources */,
				66923CDA24D8EB5A002E731A /* ConfirmSignUpViewController.swift in Sources */,
				66BC776024DCE30400778FBB /* OrderExistenceViewController.swift in Sources */,
				66316CC424D4D2D300B1A973 /* HomeViewController.swift in Sources */,
				66316CC224D4D15500B1A973 /* ProfileViewController.swift in Sources */,
				66BC777224DDC8AF00778FBB /* ExistingTripViewController.swift in Sources */,
				66F09C0724E381C300389304 /* FindUsersViewController.swift in Sources */,
				66316CA824D4C49000B1A973 /* AppDelegate.swift in Sources */,
				660F875424DAF5ED00978B4B /* NewOrderBeverageViewController.swift in Sources */,
				66ADC81D24E0B4C400D0BEA7 /* ForgotPasswordViewController.swift in Sources */,
				66ADC82724E0DB3400D0BEA7 /* Order.swift in Sources */,
				660173E324DA2AE0006D9346 /* NewOrderVendorViewController.swift in Sources */,
				66316CAA24D4C49000B1A973 /* SceneDelegate.swift in Sources */,
				66BC777424DEF15400778FBB /* TripDenyViewController.swift in Sources */,
				66304E1524DB0E4B00E557E9 /* OrderSummaryViewController.swift in Sources */,
				6600E55E24E5B5FC0084C1B8 /* ResetPasswordViewController.swift in Sources */,
				66ADC82124E0C6BB00D0BEA7 /* PickupOrdersTableViewCell.swift in Sources */,
				66F09C0924E383B300389304 /* UserTableViewCell.swift in Sources */,
				661D334424E24F83004BEE5B /* ConfirmSelectionViewController.swift in Sources */,
				66316CCA24D4EA7D00B1A973 /* LoginViewController.swift in Sources */,
				66BC776224DCE3FE00778FBB /* ExistingOrderViewController.swift in Sources */,
				66316CC824D4E5E500B1A973 /* DesignableView.swift in Sources */,
				66316CC024D4D14700B1A973 /* NewTripViewController.swift in Sources */,
				66F09C0D24E44FF300389304 /* OrderToPickupTableViewCell.swift in Sources */,
				66316CC624D4D2E200B1A973 /* OrderViewController.swift in Sources */,
				66ADC83024E20DDA00D0BEA7 /* WithdrawFundsViewController.swift in Sources */,
				66304E1724DC7D9300E557E9 /* OrderPlacedViewController.swift in Sources */,
				66304E1324DB0C1000E557E9 /* SeatLocationViewController.swift in Sources */,
				66316CCE24D8CE3D00B1A973 /* AddFundsViewController.swift in Sources */,
				66F09C0B24E383F600389304 /* User.swift in Sources */,
			);
			runOnlyForDeploymentPostprocessing = 0;
		};
/* End PBXSourcesBuildPhase section */

/* Begin PBXVariantGroup section */
		66316CAF24D4C49000B1A973 /* Main.storyboard */ = {
			isa = PBXVariantGroup;
			children = (
				66316CB024D4C49000B1A973 /* Base */,
			);
			name = Main.storyboard;
			sourceTree = "<group>";
		};
		66316CB424D4C49600B1A973 /* LaunchScreen.storyboard */ = {
			isa = PBXVariantGroup;
			children = (
				66316CB524D4C49600B1A973 /* Base */,
			);
			name = LaunchScreen.storyboard;
			sourceTree = "<group>";
		};
/* End PBXVariantGroup section */

/* Begin XCBuildConfiguration section */
		66316CB824D4C49600B1A973 /* Debug */ = {
			isa = XCBuildConfiguration;
			buildSettings = {
				ALWAYS_SEARCH_USER_PATHS = NO;
				CLANG_ANALYZER_NONNULL = YES;
				CLANG_ANALYZER_NUMBER_OBJECT_CONVERSION = YES_AGGRESSIVE;
				CLANG_CXX_LANGUAGE_STANDARD = "gnu++14";
				CLANG_CXX_LIBRARY = "libc++";
				CLANG_ENABLE_MODULES = YES;
				CLANG_ENABLE_OBJC_ARC = YES;
				CLANG_ENABLE_OBJC_WEAK = YES;
				CLANG_WARN_BLOCK_CAPTURE_AUTORELEASING = YES;
				CLANG_WARN_BOOL_CONVERSION = YES;
				CLANG_WARN_COMMA = YES;
				CLANG_WARN_CONSTANT_CONVERSION = YES;
				CLANG_WARN_DEPRECATED_OBJC_IMPLEMENTATIONS = YES;
				CLANG_WARN_DIRECT_OBJC_ISA_USAGE = YES_ERROR;
				CLANG_WARN_DOCUMENTATION_COMMENTS = YES;
				CLANG_WARN_EMPTY_BODY = YES;
				CLANG_WARN_ENUM_CONVERSION = YES;
				CLANG_WARN_INFINITE_RECURSION = YES;
				CLANG_WARN_INT_CONVERSION = YES;
				CLANG_WARN_NON_LITERAL_NULL_CONVERSION = YES;
				CLANG_WARN_OBJC_IMPLICIT_RETAIN_SELF = YES;
				CLANG_WARN_OBJC_LITERAL_CONVERSION = YES;
				CLANG_WARN_OBJC_ROOT_CLASS = YES_ERROR;
				CLANG_WARN_RANGE_LOOP_ANALYSIS = YES;
				CLANG_WARN_STRICT_PROTOTYPES = YES;
				CLANG_WARN_SUSPICIOUS_MOVE = YES;
				CLANG_WARN_UNGUARDED_AVAILABILITY = YES_AGGRESSIVE;
				CLANG_WARN_UNREACHABLE_CODE = YES;
				CLANG_WARN__DUPLICATE_METHOD_MATCH = YES;
				COPY_PHASE_STRIP = NO;
				DEBUG_INFORMATION_FORMAT = dwarf;
				ENABLE_STRICT_OBJC_MSGSEND = YES;
				ENABLE_TESTABILITY = YES;
				GCC_C_LANGUAGE_STANDARD = gnu11;
				GCC_DYNAMIC_NO_PIC = NO;
				GCC_NO_COMMON_BLOCKS = YES;
				GCC_OPTIMIZATION_LEVEL = 0;
				GCC_PREPROCESSOR_DEFINITIONS = (
					"DEBUG=1",
					"$(inherited)",
				);
				GCC_WARN_64_TO_32_BIT_CONVERSION = YES;
				GCC_WARN_ABOUT_RETURN_TYPE = YES_ERROR;
				GCC_WARN_UNDECLARED_SELECTOR = YES;
				GCC_WARN_UNINITIALIZED_AUTOS = YES_AGGRESSIVE;
				GCC_WARN_UNUSED_FUNCTION = YES;
				GCC_WARN_UNUSED_VARIABLE = YES;
				IPHONEOS_DEPLOYMENT_TARGET = 13.6;
				MTL_ENABLE_DEBUG_INFO = INCLUDE_SOURCE;
				MTL_FAST_MATH = YES;
				ONLY_ACTIVE_ARCH = YES;
				SDKROOT = iphoneos;
				SWIFT_ACTIVE_COMPILATION_CONDITIONS = DEBUG;
				SWIFT_OPTIMIZATION_LEVEL = "-Onone";
			};
			name = Debug;
		};
		66316CB924D4C49600B1A973 /* Release */ = {
			isa = XCBuildConfiguration;
			buildSettings = {
				ALWAYS_SEARCH_USER_PATHS = NO;
				CLANG_ANALYZER_NONNULL = YES;
				CLANG_ANALYZER_NUMBER_OBJECT_CONVERSION = YES_AGGRESSIVE;
				CLANG_CXX_LANGUAGE_STANDARD = "gnu++14";
				CLANG_CXX_LIBRARY = "libc++";
				CLANG_ENABLE_MODULES = YES;
				CLANG_ENABLE_OBJC_ARC = YES;
				CLANG_ENABLE_OBJC_WEAK = YES;
				CLANG_WARN_BLOCK_CAPTURE_AUTORELEASING = YES;
				CLANG_WARN_BOOL_CONVERSION = YES;
				CLANG_WARN_COMMA = YES;
				CLANG_WARN_CONSTANT_CONVERSION = YES;
				CLANG_WARN_DEPRECATED_OBJC_IMPLEMENTATIONS = YES;
				CLANG_WARN_DIRECT_OBJC_ISA_USAGE = YES_ERROR;
				CLANG_WARN_DOCUMENTATION_COMMENTS = YES;
				CLANG_WARN_EMPTY_BODY = YES;
				CLANG_WARN_ENUM_CONVERSION = YES;
				CLANG_WARN_INFINITE_RECURSION = YES;
				CLANG_WARN_INT_CONVERSION = YES;
				CLANG_WARN_NON_LITERAL_NULL_CONVERSION = YES;
				CLANG_WARN_OBJC_IMPLICIT_RETAIN_SELF = YES;
				CLANG_WARN_OBJC_LITERAL_CONVERSION = YES;
				CLANG_WARN_OBJC_ROOT_CLASS = YES_ERROR;
				CLANG_WARN_RANGE_LOOP_ANALYSIS = YES;
				CLANG_WARN_STRICT_PROTOTYPES = YES;
				CLANG_WARN_SUSPICIOUS_MOVE = YES;
				CLANG_WARN_UNGUARDED_AVAILABILITY = YES_AGGRESSIVE;
				CLANG_WARN_UNREACHABLE_CODE = YES;
				CLANG_WARN__DUPLICATE_METHOD_MATCH = YES;
				COPY_PHASE_STRIP = NO;
				DEBUG_INFORMATION_FORMAT = "dwarf-with-dsym";
				ENABLE_NS_ASSERTIONS = NO;
				ENABLE_STRICT_OBJC_MSGSEND = YES;
				GCC_C_LANGUAGE_STANDARD = gnu11;
				GCC_NO_COMMON_BLOCKS = YES;
				GCC_WARN_64_TO_32_BIT_CONVERSION = YES;
				GCC_WARN_ABOUT_RETURN_TYPE = YES_ERROR;
				GCC_WARN_UNDECLARED_SELECTOR = YES;
				GCC_WARN_UNINITIALIZED_AUTOS = YES_AGGRESSIVE;
				GCC_WARN_UNUSED_FUNCTION = YES;
				GCC_WARN_UNUSED_VARIABLE = YES;
				IPHONEOS_DEPLOYMENT_TARGET = 13.6;
				MTL_ENABLE_DEBUG_INFO = NO;
				MTL_FAST_MATH = YES;
				SDKROOT = iphoneos;
				SWIFT_COMPILATION_MODE = wholemodule;
				SWIFT_OPTIMIZATION_LEVEL = "-O";
				VALIDATE_PRODUCT = YES;
			};
			name = Release;
		};
		66316CBB24D4C49600B1A973 /* Debug */ = {
			isa = XCBuildConfiguration;
			buildSettings = {
				ASSETCATALOG_COMPILER_APPICON_NAME = AppIcon;
				CODE_SIGN_STYLE = Automatic;
				INFOPLIST_FILE = CoffeeRun/Info.plist;
				LD_RUNPATH_SEARCH_PATHS = (
					"$(inherited)",
					"@executable_path/Frameworks",
				);
				PRODUCT_BUNDLE_IDENTIFIER = com.coffeerun.CoffeeRun;
				PRODUCT_NAME = "$(TARGET_NAME)";
				SWIFT_VERSION = 5.0;
				TARGETED_DEVICE_FAMILY = "1,2";
			};
			name = Debug;
		};
		66316CBC24D4C49600B1A973 /* Release */ = {
			isa = XCBuildConfiguration;
			buildSettings = {
				ASSETCATALOG_COMPILER_APPICON_NAME = AppIcon;
				CODE_SIGN_STYLE = Automatic;
				INFOPLIST_FILE = CoffeeRun/Info.plist;
				LD_RUNPATH_SEARCH_PATHS = (
					"$(inherited)",
					"@executable_path/Frameworks",
				);
				PRODUCT_BUNDLE_IDENTIFIER = com.coffeerun.CoffeeRun;
				PRODUCT_NAME = "$(TARGET_NAME)";
				SWIFT_VERSION = 5.0;
				TARGETED_DEVICE_FAMILY = "1,2";
			};
			name = Release;
		};
/* End XCBuildConfiguration section */

/* Begin XCConfigurationList section */
		66316C9F24D4C49000B1A973 /* Build configuration list for PBXProject "CoffeeRun" */ = {
			isa = XCConfigurationList;
			buildConfigurations = (
				66316CB824D4C49600B1A973 /* Debug */,
				66316CB924D4C49600B1A973 /* Release */,
			);
			defaultConfigurationIsVisible = 0;
			defaultConfigurationName = Release;
		};
		66316CBA24D4C49600B1A973 /* Build configuration list for PBXNativeTarget "CoffeeRun" */ = {
			isa = XCConfigurationList;
			buildConfigurations = (
				66316CBB24D4C49600B1A973 /* Debug */,
				66316CBC24D4C49600B1A973 /* Release */,
			);
			defaultConfigurationIsVisible = 0;
			defaultConfigurationName = Release;
		};
/* End XCConfigurationList section */
	};
	rootObject = 66316C9C24D4C49000B1A973 /* Project object */;
}
